<?xml version="1.0" encoding="utf-8"?>
<Project ToolsVersion="4.0" xmlns="http://schemas.microsoft.com/developer/msbuild/2003">
  <ItemGroup>
    <ClCompile Include="EntityManager.cpp" />
    <ClCompile Include="Game.cpp" />
    <ClCompile Include="GameOver.cpp" />
    <ClCompile Include="main.cpp" />
    <ClCompile Include="NPC.cpp" />
    <ClCompile Include="Player.cpp" />
    <ClCompile Include="Projectile.cpp" />
    <ClCompile Include="Scene.cpp" />
    <ClCompile Include="Shader.cpp" />
    <ClCompile Include="ShaderProgram.cpp" />
    <ClCompile Include="SoldierA.cpp" />
    <ClCompile Include="Menu.cpp" />
    <ClCompile Include="MenuScene.cpp" />
    <ClCompile Include="SoldierB.cpp" />
    <ClCompile Include="SpreadGun.cpp" />
    <ClCompile Include="Sprite.cpp" />
    <ClCompile Include="Texture.cpp" />
    <ClCompile Include="TileMap.cpp" />
    <ClCompile Include="Turret.cpp" />
    <ClCompile Include="Tutorial.cpp" />
    <ClCompile Include="SoundManager.cpp" />
    <ClCompile Include="BossScene.cpp" />
    <ClCompile Include="Boss.cpp" />
    <ClCompile Include="SceneLvl2.cpp" />
    <ClCompile Include="PlayerCenital.cpp" />
    <ClCompile Include="EntityManagerCenital.cpp" />
    <ClCompile Include="Item.cpp" />
    <ClCompile Include="Flag.cpp" />
    <ClCompile Include="Life.cpp" />
    <ClCompile Include="Mina.cpp" />
    <ClCompile Include="SoldierC.cpp" />
    <ClCompile Include="Heart.cpp" />
    <ClCompile Include="SniperGun.cpp" />
    <ClCompile Include="Credits.cpp" />
  </ItemGroup>
  <ItemGroup>
    <ClInclude Include="AnimKeyframes.h" />
    <ClInclude Include="Game.h" />
    <ClInclude Include="EntityManager.h" />
    <ClInclude Include="GameOver.h" />
    <ClInclude Include="Menu.h" />
    <ClInclude Include="MenuScene.h" />
    <ClInclude Include="NPC.h" />
    <ClInclude Include="Player.h" />
    <ClInclude Include="Projectile.h" />
    <ClInclude Include="Scene.h" />
    <ClInclude Include="Shader.h" />
    <ClInclude Include="ShaderProgram.h" />
    <ClInclude Include="SoldierA.h" />
    <ClInclude Include="SoldierB.h" />
    <ClInclude Include="SpreadGun.h" />
    <ClInclude Include="Sprite.h" />
    <ClInclude Include="Texture.h" />
    <ClInclude Include="TileMap.h" />
    <ClInclude Include="Turret.h" />
    <ClInclude Include="Tutorial.h" />
    <ClInclude Include="SoundManager.h" />
    <ClInclude Include="BossScene.h" />
    <ClInclude Include="Boss.h" />
    <ClInclude Include="SceneLvl2.h" />
    <ClInclude Include="PlayerCenital.h" />
    <ClInclude Include="EntityManagerCenital.h" />
    <ClInclude Include="Item.h" />
    <ClInclude Include="Flag.h" />
    <ClInclude Include="Life.h" />
    <ClInclude Include="Mina.h" />
    <ClInclude Include="SoldierC.h" />
    <ClInclude Include="Heart.h" />
    <ClInclude Include="SniperGun.h" />
    <ClInclude Include="Credits.h" />
  </ItemGroup>
</Project>